{
  "name": "whatsapp-assistente",
  "lockfileVersion": 3,
  "requires": true,
  "packages": {
    "": {
      "name": "whatsapp-assistente",
      "version": "1.0.0",
      "license": "ISC",
      "dependencies": {
        "dotenv": "^16.3.1",
        "express": "^4.18.2"
      }
    },
    "node_modules/dotenv": {
      "version": "16.3.1",
      "resolved": "https://registry.npmjs.org/dotenv/-/dotenv-16.3.1.tgz",
      "integrity": "sha512-z+TcibNF7vDkZ+K6GV4k3oj+2T0eASzUGPR5HkMUuNdf+eIUbcNWDHBG0YO6+AjvLy7QugFlMLDJ27ZLEkth7w=="
    },
    "node_modules/express": {
      "version": "4.18.2",
      "resolved": "https://registry.npmjs.org/express/-/express-4.18.2.tgz",
      "integrity": "sha512-5/PsL2K0vOdEweDdH3skOYq6CWvGlRtL2IXDaZuT+mj9kaUBgLOnU1l7kM79Yz4XUtHa6ncDMR2Y4lZLxU1EVw=="
    }
  }
}
